
Microsoft Visual Studio Solution File, Format Version 12.00
# Visual Studio Version 16
VisualStudioVersion = 16.0.30907.101
MinimumVisualStudioVersion = 10.0.40219.1
Project("{9A19103F-16F7-4668-BE54-9A1E7A4F7556}") = "ViaTokens", "ViaTokens\ViaTokens.csproj", "{05B41822-02D0-423D-8ABC-9770AB6918F8}"
EndProject
Project("{9A19103F-16F7-4668-BE54-9A1E7A4F7556}") = "ViaApp", "ViaApp\ViaApp.csproj", "{97D97557-7BCF-48A0-AEE4-D0BF60A851A1}"
EndProject
Project("{FAE04EC0-301F-11D3-BF4B-00C04F79EFBC}") = "GitHubCLI", "GitHubCLI\GitHubCLI.csproj", "{9E2DA455-A2E5-4CBD-B819-F50C05179F24}"
EndProject
Global
	GlobalSection(SolutionConfigurationPlatforms) = preSolution
		Debug|Any CPU = Debug|Any CPU
		Release|Any CPU = Release|Any CPU
	EndGlobalSection
	GlobalSection(ProjectConfigurationPlatforms) = postSolution
		{05B41822-02D0-423D-8ABC-9770AB6918F8}.Debug|Any CPU.ActiveCfg = Debug|Any CPU
		{05B41822-02D0-423D-8ABC-9770AB6918F8}.Debug|Any CPU.Build.0 = Debug|Any CPU
		{05B41822-02D0-423D-8ABC-9770AB6918F8}.Release|Any CPU.ActiveCfg = Release|Any CPU
		{05B41822-02D0-423D-8ABC-9770AB6918F8}.Release|Any CPU.Build.0 = Release|Any CPU
		{97D97557-7BCF-48A0-AEE4-D0BF60A851A1}.Debug|Any CPU.ActiveCfg = Debug|Any CPU
		{97D97557-7BCF-48A0-AEE4-D0BF60A851A1}.Debug|Any CPU.Build.0 = Debug|Any CPU
		{97D97557-7BCF-48A0-AEE4-D0BF60A851A1}.Release|Any CPU.ActiveCfg = Release|Any CPU
		{97D97557-7BCF-48A0-AEE4-D0BF60A851A1}.Release|Any CPU.Build.0 = Release|Any CPU
		{9E2DA455-A2E5-4CBD-B819-F50C05179F24}.Debug|Any CPU.ActiveCfg = Debug|Any CPU
		{9E2DA455-A2E5-4CBD-B819-F50C05179F24}.Debug|Any CPU.Build.0 = Debug|Any CPU
		{9E2DA455-A2E5-4CBD-B819-F50C05179F24}.Release|Any CPU.ActiveCfg = Release|Any CPU
		{9E2DA455-A2E5-4CBD-B819-F50C05179F24}.Release|Any CPU.Build.0 = Release|Any CPU
	EndGlobalSection
	GlobalSection(SolutionProperties) = preSolution
		HideSolutionNode = FALSE
	EndGlobalSection
	GlobalSection(ExtensibilityGlobals) = postSolution
		SolutionGuid = {EE5EA4F1-B56A-4B2F-A441-3533A6E2DEA1}
	EndGlobalSection
EndGlobal
